{
	"name": "private-cordova-plugin-crashlytics",
	"version": "1.1.1",
	"lockfileVersion": 1,
	"requires": true,
	"dependencies": {
		"big-integer": {
			"version": "1.6.44",
			"resolved": "https://registry.npmjs.org/big-integer/-/big-integer-1.6.44.tgz",
			"integrity": "sha512-7MzElZPTyJ2fNvBkPxtFQ2fWIkVmuzw41+BZHSzpEq3ymB2MfeKp1+yXl/tS75xCx+WnyV+yb0kp+K1C3UNwmQ=="
		},
		"bplist-creator": {
			"version": "0.0.7",
			"resolved": "https://registry.npmjs.org/bplist-creator/-/bplist-creator-0.0.7.tgz",
			"integrity": "sha1-N98VNgkoJLh8QvlXsBNEEXNyrkU=",
			"requires": {
				"stream-buffers": "~2.2.0"
			}
		},
		"bplist-parser": {
			"version": "0.1.1",
			"resolved": "https://registry.npmjs.org/bplist-parser/-/bplist-parser-0.1.1.tgz",
			"integrity": "sha1-1g1dzCDLptx+HymbNdPh+V2vuuY=",
			"requires": {
				"big-integer": "^1.6.7"
			}
		},
		"plist": {
			"version": "3.0.4",
			"resolved": "https://registry.npmjs.org/plist/-/plist-3.0.4.tgz",
			"integrity": "sha512-ksrr8y9+nXOxQB2osVNqrgvX/XQPOXaU4BQMKjYq8PvaY1U18mo+fKgBSwzK+luSyinOuPae956lSVcBwxlAMg==",
			"requires": {
				"base64-js": "^1.5.1",
				"xmlbuilder": "^9.0.7"
			},
			"dependencies": {
				"base64-js": {
					"version": "1.5.1",
					"resolved": "https://registry.npmjs.org/base64-js/-/base64-js-1.5.1.tgz",
					"integrity": "sha512-AKpaYlHn8t4SVbOHCy+b5+KKgvR4vrsD8vbvrbiQJps7fKDTkjkDry6ji0rUJjC0kzbNePLwzxq8iypo41qeWA=="
				}
			}
		},
		"simple-plist": {
			"version": "1.0.0",
			"resolved": "https://registry.npmjs.org/simple-plist/-/simple-plist-1.0.0.tgz",
			"integrity": "sha512-043L2rO80LVF7zfZ+fqhsEkoJFvW8o59rt/l4ctx1TJWoTx7/jkiS1R5TatD15Z1oYnuLJytzE7gcnnBuIPL2g==",
			"requires": {
				"bplist-creator": "0.0.7",
				"bplist-parser": "0.1.1",
				"plist": "^3.0.1"
			}
		},
		"stream-buffers": {
			"version": "2.2.0",
			"resolved": "https://registry.npmjs.org/stream-buffers/-/stream-buffers-2.2.0.tgz",
			"integrity": "sha1-kdX1Ew0c75bc+n9yaUUYh0HQnuQ="
		},
		"uuid": {
			"version": "3.3.2",
			"resolved": "https://registry.npmjs.org/uuid/-/uuid-3.3.2.tgz",
			"integrity": "sha512-yXJmeNaw3DnnKAOKJE51sL/ZaYfWJRl1pK9dr19YFCu0ObS231AB1/LbqTKRAQ5kw8A90rA6fr4riOUpTZvQZA=="
		},
		"xcode": {
			"version": "2.0.0",
			"resolved": "https://registry.npmjs.org/xcode/-/xcode-2.0.0.tgz",
			"integrity": "sha512-5xF6RCjAdDEiEsbbZaS/gBRt3jZ/177otZcpoLCjGN/u1LrfgH7/Sgeeavpr/jELpyDqN2im3AKosl2G2W8hfw==",
			"requires": {
				"simple-plist": "^1.0.0",
				"uuid": "^3.3.2"
			}
		},
		"xmlbuilder": {
			"version": "9.0.7",
			"resolved": "https://registry.npmjs.org/xmlbuilder/-/xmlbuilder-9.0.7.tgz",
			"integrity": "sha1-Ey7mPS7FVlxVfiD0wi35rKaGsQ0="
		}
	}
}
